
Microsoft Visual Studio Solution File, Format Version 12.00
# Visual Studio Version 17
VisualStudioVersion = 17.5.33627.172
MinimumVisualStudioVersion = 10.0.40219.1
Project("{9A19103F-16F7-4668-BE54-9A1E7A4F7556}") = "ToDoListProject", "ToDoListProject\ToDoListProject.csproj", "{EB6E9B41-2326-45AC-BCA4-F13AE7A59287}"
EndProject
Global
	GlobalSection(SolutionConfigurationPlatforms) = preSolution
		Debug|Any CPU = Debug|Any CPU
		Release|Any CPU = Release|Any CPU
	EndGlobalSection
	GlobalSection(ProjectConfigurationPlatforms) = postSolution
		{EB6E9B41-2326-45AC-BCA4-F13AE7A59287}.Debug|Any CPU.ActiveCfg = Debug|Any CPU
		{EB6E9B41-2326-45AC-BCA4-F13AE7A59287}.Debug|Any CPU.Build.0 = Debug|Any CPU
		{EB6E9B41-2326-45AC-BCA4-F13AE7A59287}.Release|Any CPU.ActiveCfg = Release|Any CPU
		{EB6E9B41-2326-45AC-BCA4-F13AE7A59287}.Release|Any CPU.Build.0 = Release|Any CPU
	EndGlobalSection
	GlobalSection(SolutionProperties) = preSolution
		HideSolutionNode = FALSE
	EndGlobalSection
	GlobalSection(ExtensibilityGlobals) = postSolution
		SolutionGuid = {0B36D03A-A865-4C88-ADB9-4F24F9008C62}
	EndGlobalSection
EndGlobal
